
Microsoft Visual Studio Solution File, Format Version 12.00
# Visual Studio 15
VisualStudioVersion = 15.0.26430.12
MinimumVisualStudioVersion = 10.0.40219.1
Project("{FAE04EC0-301F-11D3-BF4B-00C04F79EFBC}") = "JoonasW.DevOps.DemoApp", "JoonasW.DevOps.DemoApp\JoonasW.DevOps.DemoApp.csproj", "{17142461-227A-475A-8D73-8C5C76072D48}"
EndProject
Project("{FAE04EC0-301F-11D3-BF4B-00C04F79EFBC}") = "JoonasW.DevOps.DemoApp.Tests", "JoonasW.DevOps.DemoApp.Tests\JoonasW.DevOps.DemoApp.Tests.csproj", "{BECC60C1-8A28-4C64-9B4C-F93D475BBADC}"
EndProject
Global
	GlobalSection(SolutionConfigurationPlatforms) = preSolution
		Debug|Any CPU = Debug|Any CPU
		Release|Any CPU = Release|Any CPU
	EndGlobalSection
	GlobalSection(ProjectConfigurationPlatforms) = postSolution
		{17142461-227A-475A-8D73-8C5C76072D48}.Debug|Any CPU.ActiveCfg = Debug|Any CPU
		{17142461-227A-475A-8D73-8C5C76072D48}.Debug|Any CPU.Build.0 = Debug|Any CPU
		{17142461-227A-475A-8D73-8C5C76072D48}.Release|Any CPU.ActiveCfg = Release|Any CPU
		{17142461-227A-475A-8D73-8C5C76072D48}.Release|Any CPU.Build.0 = Release|Any CPU
		{BECC60C1-8A28-4C64-9B4C-F93D475BBADC}.Debug|Any CPU.ActiveCfg = Debug|Any CPU
		{BECC60C1-8A28-4C64-9B4C-F93D475BBADC}.Debug|Any CPU.Build.0 = Debug|Any CPU
		{BECC60C1-8A28-4C64-9B4C-F93D475BBADC}.Release|Any CPU.ActiveCfg = Release|Any CPU
		{BECC60C1-8A28-4C64-9B4C-F93D475BBADC}.Release|Any CPU.Build.0 = Release|Any CPU
	EndGlobalSection
	GlobalSection(SolutionProperties) = preSolution
		HideSolutionNode = FALSE
	EndGlobalSection
EndGlobal
